
Microsoft Visual Studio Solution File, Format Version 12.00
# Visual Studio Version 17
VisualStudioVersion = 17.3.32819.101
MinimumVisualStudioVersion = 10.0.40219.1
Project("{FAE04EC0-301F-11D3-BF4B-00C04F79EFBC}") = "Pliki tekstowe 17.10", "Pliki tekstowe 17.10\Pliki tekstowe 17.10.csproj", "{2C9C90CF-181F-4B12-948A-BCA7CA98515E}"
EndProject
Project("{FAE04EC0-301F-11D3-BF4B-00C04F79EFBC}") = "Pliki-tekstowe2", "Pliki-tekstowe2\Pliki-tekstowe2.csproj", "{A5A4354C-E3E0-4270-AAAD-1EF122001D08}"
EndProject
Global
	GlobalSection(SolutionConfigurationPlatforms) = preSolution
		Debug|Any CPU = Debug|Any CPU
		Release|Any CPU = Release|Any CPU
	EndGlobalSection
	GlobalSection(ProjectConfigurationPlatforms) = postSolution
		{2C9C90CF-181F-4B12-948A-BCA7CA98515E}.Debug|Any CPU.ActiveCfg = Debug|Any CPU
		{2C9C90CF-181F-4B12-948A-BCA7CA98515E}.Debug|Any CPU.Build.0 = Debug|Any CPU
		{2C9C90CF-181F-4B12-948A-BCA7CA98515E}.Release|Any CPU.ActiveCfg = Release|Any CPU
		{2C9C90CF-181F-4B12-948A-BCA7CA98515E}.Release|Any CPU.Build.0 = Release|Any CPU
		{A5A4354C-E3E0-4270-AAAD-1EF122001D08}.Debug|Any CPU.ActiveCfg = Debug|Any CPU
		{A5A4354C-E3E0-4270-AAAD-1EF122001D08}.Debug|Any CPU.Build.0 = Debug|Any CPU
		{A5A4354C-E3E0-4270-AAAD-1EF122001D08}.Release|Any CPU.ActiveCfg = Release|Any CPU
		{A5A4354C-E3E0-4270-AAAD-1EF122001D08}.Release|Any CPU.Build.0 = Release|Any CPU
	EndGlobalSection
	GlobalSection(SolutionProperties) = preSolution
		HideSolutionNode = FALSE
	EndGlobalSection
	GlobalSection(ExtensibilityGlobals) = postSolution
		SolutionGuid = {4971AE89-35BD-4D6A-BEFB-6A9887EBE50C}
	EndGlobalSection
EndGlobal
